<?xml version="1.0" encoding="utf-8"?>
<Project ToolsVersion="4.0" xmlns="http://schemas.microsoft.com/developer/msbuild/2003">
  <ItemGroup>
    <Filter Include="src">
      <UniqueIdentifier>{f0b8dd82-c767-4148-8f1f-356f4748132a}</UniqueIdentifier>
    </Filter>
    <Filter Include="include">
      <UniqueIdentifier>{20e4a79a-c17e-45be-bb59-094a99a5a625}</UniqueIdentifier>
    </Filter>
  </ItemGroup>
  <ItemGroup>
    <ClCompile Include="..\..\..\..\include\ctrace\config.h">
      <Filter>include</Filter>
    </ClCompile>
    <ClCompile Include="..\..\..\..\src\trace.c">
      <Filter>src</Filter>
    </ClCompile>
  </ItemGroup>
  <ItemGroup>
    <ClInclude Include="..\..\..\..\include\ctrace\trace.h">
      <Filter>include</Filter>
    </ClInclude>
  </ItemGroup>
</Project>